
Microsoft Visual Studio Solution File, Format Version 12.00
# Visual Studio 14
VisualStudioVersion = 14.0.23107.0
MinimumVisualStudioVersion = 10.0.40219.1
Project("{F14B399A-7131-4C87-9E4B-1186C45EF12D}") = "ReportProjectWizard", "ReportProjectWizard\ReportProjectWizard.rptproj", "{CBDF6591-AC2C-4DD4-96EE-29F75135375D}"
EndProject
Global
	GlobalSection(SolutionConfigurationPlatforms) = preSolution
		Debug|Default = Debug|Default
		DebugLocal|Default = DebugLocal|Default
		Release|Default = Release|Default
	EndGlobalSection
	GlobalSection(ProjectConfigurationPlatforms) = postSolution
		{CBDF6591-AC2C-4DD4-96EE-29F75135375D}.Debug|Default.ActiveCfg = Debug
		{CBDF6591-AC2C-4DD4-96EE-29F75135375D}.Debug|Default.Build.0 = Debug
		{CBDF6591-AC2C-4DD4-96EE-29F75135375D}.Debug|Default.Deploy.0 = Debug
		{CBDF6591-AC2C-4DD4-96EE-29F75135375D}.DebugLocal|Default.ActiveCfg = DebugLocal
		{CBDF6591-AC2C-4DD4-96EE-29F75135375D}.DebugLocal|Default.Build.0 = DebugLocal
		{CBDF6591-AC2C-4DD4-96EE-29F75135375D}.Release|Default.ActiveCfg = Release
		{CBDF6591-AC2C-4DD4-96EE-29F75135375D}.Release|Default.Build.0 = Release
		{CBDF6591-AC2C-4DD4-96EE-29F75135375D}.Release|Default.Deploy.0 = Release
	EndGlobalSection
	GlobalSection(SolutionProperties) = preSolution
		HideSolutionNode = FALSE
	EndGlobalSection
EndGlobal
