
Microsoft Visual Studio Solution File, Format Version 12.00
# Visual Studio 15
VisualStudioVersion = 15.0.26730.8
MinimumVisualStudioVersion = 10.0.40219.1
Project("{FAE04EC0-301F-11D3-BF4B-00C04F79EFBC}") = "WpfBrowserApplication", "WpfBrowserApplication\WpfBrowserApplication.csproj", "{29CF1D48-EDFD-4077-8E26-1AAB82BA4C7C}"
EndProject
Global
	GlobalSection(SolutionConfigurationPlatforms) = preSolution
		Debug|Any CPU = Debug|Any CPU
		Release|Any CPU = Release|Any CPU
	EndGlobalSection
	GlobalSection(ProjectConfigurationPlatforms) = postSolution
		{29CF1D48-EDFD-4077-8E26-1AAB82BA4C7C}.Debug|Any CPU.ActiveCfg = Debug|Any CPU
		{29CF1D48-EDFD-4077-8E26-1AAB82BA4C7C}.Debug|Any CPU.Build.0 = Debug|Any CPU
		{29CF1D48-EDFD-4077-8E26-1AAB82BA4C7C}.Release|Any CPU.ActiveCfg = Release|Any CPU
		{29CF1D48-EDFD-4077-8E26-1AAB82BA4C7C}.Release|Any CPU.Build.0 = Release|Any CPU
	EndGlobalSection
	GlobalSection(SolutionProperties) = preSolution
		HideSolutionNode = FALSE
	EndGlobalSection
	GlobalSection(ExtensibilityGlobals) = postSolution
		SolutionGuid = {28018E80-E5D5-4502-B3EC-935EA453EC82}
	EndGlobalSection
EndGlobal
