
Microsoft Visual Studio Solution File, Format Version 12.00
# Visual Studio 15
VisualStudioVersion = 15.0.26730.8
MinimumVisualStudioVersion = 10.0.40219.1
Project("{FAE04EC0-301F-11D3-BF4B-00C04F79EFBC}") = "WebBrowser", "WebBrowser\WebBrowser.csproj", "{90B2F792-8253-4821-814B-5BEDB617B1EB}"
EndProject
Global
	GlobalSection(SolutionConfigurationPlatforms) = preSolution
		Debug|Any CPU = Debug|Any CPU
		Release|Any CPU = Release|Any CPU
	EndGlobalSection
	GlobalSection(ProjectConfigurationPlatforms) = postSolution
		{90B2F792-8253-4821-814B-5BEDB617B1EB}.Debug|Any CPU.ActiveCfg = Debug|Any CPU
		{90B2F792-8253-4821-814B-5BEDB617B1EB}.Debug|Any CPU.Build.0 = Debug|Any CPU
		{90B2F792-8253-4821-814B-5BEDB617B1EB}.Release|Any CPU.ActiveCfg = Release|Any CPU
		{90B2F792-8253-4821-814B-5BEDB617B1EB}.Release|Any CPU.Build.0 = Release|Any CPU
	EndGlobalSection
	GlobalSection(SolutionProperties) = preSolution
		HideSolutionNode = FALSE
	EndGlobalSection
	GlobalSection(ExtensibilityGlobals) = postSolution
		SolutionGuid = {B5D03AFA-B6C0-4B44-9162-BA8A7AFC62EE}
	EndGlobalSection
EndGlobal
